
Microsoft Visual Studio Solution File, Format Version 12.00
# Visual Studio 15
VisualStudioVersion = 15.0.28307.421
MinimumVisualStudioVersion = 10.0.40219.1
Project("{FAE04EC0-301F-11D3-BF4B-00C04F79EFBC}") = "VetSystem", "VetSystem\VetSystem.csproj", "{0983573D-276C-4168-9C72-99951D33BF51}"
EndProject
Global
	GlobalSection(SolutionConfigurationPlatforms) = preSolution
		Debug|Any CPU = Debug|Any CPU
		Release|Any CPU = Release|Any CPU
	EndGlobalSection
	GlobalSection(ProjectConfigurationPlatforms) = postSolution
		{0983573D-276C-4168-9C72-99951D33BF51}.Debug|Any CPU.ActiveCfg = Debug|Any CPU
		{0983573D-276C-4168-9C72-99951D33BF51}.Debug|Any CPU.Build.0 = Debug|Any CPU
		{0983573D-276C-4168-9C72-99951D33BF51}.Release|Any CPU.ActiveCfg = Release|Any CPU
		{0983573D-276C-4168-9C72-99951D33BF51}.Release|Any CPU.Build.0 = Release|Any CPU
	EndGlobalSection
	GlobalSection(SolutionProperties) = preSolution
		HideSolutionNode = FALSE
	EndGlobalSection
	GlobalSection(ExtensibilityGlobals) = postSolution
		SolutionGuid = {4E4D26C7-B2FB-4E40-8B13-08513E942BB2}
	EndGlobalSection
EndGlobal
